// !$*UTF8*$!
{
	archiveVersion = 1;
	classes = {
	};
	objectVersion = 46;
	objects = {

/* Begin PBXBuildFile section */
		CBA2206D1A4903D700261200 /* Foundation.framework in Frameworks */ = {isa = PBXBuildFile; fileRef = CBA2206C1A4903D700261200 /* Foundation.framework */; };
		CBA2206F1A4903D700261200 /* CoreGraphics.framework in Frameworks */ = {isa = PBXBuildFile; fileRef = CBA2206E1A4903D700261200 /* CoreGraphics.framework */; };
		CBA220711A4903D700261200 /* UIKit.framework in Frameworks */ = {isa = PBXBuildFile; fileRef = CBA220701A4903D700261200 /* UIKit.framework */; };
		CBA220771A4903D700261200 /* InfoPlist.strings in Resources */ = {isa = PBXBuildFile; fileRef = CBA220751A4903D700261200 /* InfoPlist.strings */; };
		CBA220791A4903D700261200 /* main.m in Sources */ = {isa = PBXBuildFile; fileRef = CBA220781A4903D700261200 /* main.m */; };
		CBA2207D1A4903D700261200 /* AppDelegate.m in Sources */ = {isa = PBXBuildFile; fileRef = CBA2207C1A4903D700261200 /* AppDelegate.m */; };
		CBA220851A4903D700261200 /* Images.xcassets in Resources */ = {isa = PBXBuildFile; fileRef = CBA220841A4903D700261200 /* Images.xcassets */; };
		CBA2208C1A4903D700261200 /* XCTest.framework in Frameworks */ = {isa = PBXBuildFile; fileRef = CBA2208B1A4903D700261200 /* XCTest.framework */; };
		CBA2208D1A4903D700261200 /* Foundation.framework in Frameworks */ = {isa = PBXBuildFile; fileRef = CBA2206C1A4903D700261200 /* Foundation.framework */; };
		CBA2208E1A4903D700261200 /* UIKit.framework in Frameworks */ = {isa = PBXBuildFile; fileRef = CBA220701A4903D700261200 /* UIKit.framework */; };
		CBA220961A4903D700261200 /* InfoPlist.strings in Resources */ = {isa = PBXBuildFile; fileRef = CBA220941A4903D700261200 /* InfoPlist.strings */; };
		CBA220981A4903D700261200 /* ZoomHeaderView_ZoomHeaderViewTests.m in Sources */ = {isa = PBXBuildFile; fileRef = CBA220971A4903D700261200 /* ZoomHeaderView_ZoomHeaderViewTests.m */; };
		CBA220A51A4903E400261200 /* CExpandHeader.m in Sources */ = {isa = PBXBuildFile; fileRef = CBA220A31A4903E400261200 /* CExpandHeader.m */; };
		CBA220A61A4903E400261200 /* image.png in Resources */ = {isa = PBXBuildFile; fileRef = CBA220A41A4903E400261200 /* image.png */; };
		CBA220A81A4903F500261200 /* Main.storyboard in Resources */ = {isa = PBXBuildFile; fileRef = CBA220A71A4903F500261200 /* Main.storyboard */; };
		CBA220AD1A4903FB00261200 /* ScrollTestViewController.m in Sources */ = {isa = PBXBuildFile; fileRef = CBA220AA1A4903FB00261200 /* ScrollTestViewController.m */; };
		CBA220AE1A4903FB00261200 /* CustomHeadViewController.m in Sources */ = {isa = PBXBuildFile; fileRef = CBA220AC1A4903FB00261200 /* CustomHeadViewController.m */; };
		CBA220B11A49042500261200 /* ViewController.m in Sources */ = {isa = PBXBuildFile; fileRef = CBA220B01A49042500261200 /* ViewController.m */; };
/* End PBXBuildFile section */

/* Begin PBXContainerItemProxy section */
		CBA2208F1A4903D700261200 /* PBXContainerItemProxy */ = {
			isa = PBXContainerItemProxy;
			containerPortal = CBA220611A4903D700261200 /* Project object */;
			proxyType = 1;
			remoteGlobalIDString = CBA220681A4903D700261200;
			remoteInfo = "ZoomHeaderView ZoomHeaderView";
		};
/* End PBXContainerItemProxy section */

/* Begin PBXFileReference section */
		CBA220691A4903D700261200 /* ZoomHeaderView.app */ = {isa = PBXFileReference; explicitFileType = wrapper.application; includeInIndex = 0; path = ZoomHeaderView.app; sourceTree = BUILT_PRODUCTS_DIR; };
		CBA2206C1A4903D700261200 /* Foundation.framework */ = {isa = PBXFileReference; lastKnownFileType = wrapper.framework; name = Foundation.framework; path = System/Library/Frameworks/Foundation.framework; sourceTree = SDKROOT; };
		CBA2206E1A4903D700261200 /* CoreGraphics.framework */ = {isa = PBXFileReference; lastKnownFileType = wrapper.framework; name = CoreGraphics.framework; path = System/Library/Frameworks/CoreGraphics.framework; sourceTree = SDKROOT; };
		CBA220701A4903D700261200 /* UIKit.framework */ = {isa = PBXFileReference; lastKnownFileType = wrapper.framework; name = UIKit.framework; path = System/Library/Frameworks/UIKit.framework; sourceTree = SDKROOT; };
		CBA220741A4903D700261200 /* ZoomHeaderView-Info.plist */ = {isa = PBXFileReference; lastKnownFileType = text.plist.xml; path = "ZoomHeaderView-Info.plist"; sourceTree = "<group>"; };
		CBA220761A4903D700261200 /* en */ = {isa = PBXFileReference; lastKnownFileType = text.plist.strings; name = en; path = en.lproj/InfoPlist.strings; sourceTree = "<group>"; };
		CBA220781A4903D700261200 /* main.m */ = {isa = PBXFileReference; lastKnownFileType = sourcecode.c.objc; path = main.m; sourceTree = "<group>"; };
		CBA2207A1A4903D700261200 /* ZoomHeaderView ZoomHeaderView-Prefix.pch */ = {isa = PBXFileReference; lastKnownFileType = sourcecode.c.h; path = "ZoomHeaderView ZoomHeaderView-Prefix.pch"; sourceTree = "<group>"; };
		CBA2207B1A4903D700261200 /* AppDelegate.h */ = {isa = PBXFileReference; lastKnownFileType = sourcecode.c.h; path = AppDelegate.h; sourceTree = "<group>"; };
		CBA2207C1A4903D700261200 /* AppDelegate.m */ = {isa = PBXFileReference; lastKnownFileType = sourcecode.c.objc; path = AppDelegate.m; sourceTree = "<group>"; };
		CBA220841A4903D700261200 /* Images.xcassets */ = {isa = PBXFileReference; lastKnownFileType = folder.assetcatalog; path = Images.xcassets; sourceTree = "<group>"; };
		CBA2208A1A4903D700261200 /* ZoomHeaderViewTests.xctest */ = {isa = PBXFileReference; explicitFileType = wrapper.cfbundle; includeInIndex = 0; path = ZoomHeaderViewTests.xctest; sourceTree = BUILT_PRODUCTS_DIR; };
		CBA2208B1A4903D700261200 /* XCTest.framework */ = {isa = PBXFileReference; lastKnownFileType = wrapper.framework; name = XCTest.framework; path = Library/Frameworks/XCTest.framework; sourceTree = DEVELOPER_DIR; };
		CBA220931A4903D700261200 /* ZoomHeaderViewTests-Info.plist */ = {isa = PBXFileReference; lastKnownFileType = text.plist.xml; path = "ZoomHeaderViewTests-Info.plist"; sourceTree = "<group>"; };
		CBA220951A4903D700261200 /* en */ = {isa = PBXFileReference; lastKnownFileType = text.plist.strings; name = en; path = en.lproj/InfoPlist.strings; sourceTree = "<group>"; };
		CBA220971A4903D700261200 /* ZoomHeaderView_ZoomHeaderViewTests.m */ = {isa = PBXFileReference; lastKnownFileType = sourcecode.c.objc; path = ZoomHeaderView_ZoomHeaderViewTests.m; sourceTree = "<group>"; };
		CBA220A21A4903E400261200 /* CExpandHeader.h */ = {isa = PBXFileReference; fileEncoding = 4; lastKnownFileType = sourcecode.c.h; path = CExpandHeader.h; sourceTree = "<group>"; };
		CBA220A31A4903E400261200 /* CExpandHeader.m */ = {isa = PBXFileReference; fileEncoding = 4; lastKnownFileType = sourcecode.c.objc; path = CExpandHeader.m; sourceTree = "<group>"; };
		CBA220A41A4903E400261200 /* image.png */ = {isa = PBXFileReference; lastKnownFileType = image.png; path = image.png; sourceTree = "<group>"; };
		CBA220A71A4903F500261200 /* Main.storyboard */ = {isa = PBXFileReference; fileEncoding = 4; lastKnownFileType = file.storyboard; path = Main.storyboard; sourceTree = "<group>"; };
		CBA220A91A4903FB00261200 /* ScrollTestViewController.h */ = {isa = PBXFileReference; fileEncoding = 4; lastKnownFileType = sourcecode.c.h; path = ScrollTestViewController.h; sourceTree = "<group>"; };
		CBA220AA1A4903FB00261200 /* ScrollTestViewController.m */ = {isa = PBXFileReference; fileEncoding = 4; lastKnownFileType = sourcecode.c.objc; path = ScrollTestViewController.m; sourceTree = "<group>"; };
		CBA220AB1A4903FB00261200 /* CustomHeadViewController.h */ = {isa = PBXFileReference; fileEncoding = 4; lastKnownFileType = sourcecode.c.h; path = CustomHeadViewController.h; sourceTree = "<group>"; };
		CBA220AC1A4903FB00261200 /* CustomHeadViewController.m */ = {isa = PBXFileReference; fileEncoding = 4; lastKnownFileType = sourcecode.c.objc; path = CustomHeadViewController.m; sourceTree = "<group>"; };
		CBA220AF1A49042500261200 /* ViewController.h */ = {isa = PBXFileReference; fileEncoding = 4; lastKnownFileType = sourcecode.c.h; path = ViewController.h; sourceTree = "<group>"; };
		CBA220B01A49042500261200 /* ViewController.m */ = {isa = PBXFileReference; fileEncoding = 4; lastKnownFileType = sourcecode.c.objc; path = ViewController.m; sourceTree = "<group>"; };
/* End PBXFileReference section */

/* Begin PBXFrameworksBuildPhase section */
		CBA220661A4903D700261200 /* Frameworks */ = {
			isa = PBXFrameworksBuildPhase;
			buildActionMask = 2147483647;
			files = (
				CBA2206F1A4903D700261200 /* CoreGraphics.framework in Frameworks */,
				CBA220711A4903D700261200 /* UIKit.framework in Frameworks */,
				CBA2206D1A4903D700261200 /* Foundation.framework in Frameworks */,
			);
			runOnlyForDeploymentPostprocessing = 0;
		};
		CBA220871A4903D700261200 /* Frameworks */ = {
			isa = PBXFrameworksBuildPhase;
			buildActionMask = 2147483647;
			files = (
				CBA2208C1A4903D700261200 /* XCTest.framework in Frameworks */,
				CBA2208E1A4903D700261200 /* UIKit.framework in Frameworks */,
				CBA2208D1A4903D700261200 /* Foundation.framework in Frameworks */,
			);
			runOnlyForDeploymentPostprocessing = 0;
		};
/* End PBXFrameworksBuildPhase section */

/* Begin PBXGroup section */
		CBA220601A4903D700261200 = {
			isa = PBXGroup;
			children = (
				CBA220721A4903D700261200 /* ZoomHeaderView */,
				CBA220911A4903D700261200 /* ZoomHeaderView ZoomHeaderViewTests */,
				CBA2206B1A4903D700261200 /* Frameworks */,
				CBA2206A1A4903D700261200 /* Products */,
			);
			sourceTree = "<group>";
		};
		CBA2206A1A4903D700261200 /* Products */ = {
			isa = PBXGroup;
			children = (
				CBA220691A4903D700261200 /* ZoomHeaderView.app */,
				CBA2208A1A4903D700261200 /* ZoomHeaderViewTests.xctest */,
			);
			name = Products;
			sourceTree = "<group>";
		};
		CBA2206B1A4903D700261200 /* Frameworks */ = {
			isa = PBXGroup;
			children = (
				CBA2206C1A4903D700261200 /* Foundation.framework */,
				CBA2206E1A4903D700261200 /* CoreGraphics.framework */,
				CBA220701A4903D700261200 /* UIKit.framework */,
				CBA2208B1A4903D700261200 /* XCTest.framework */,
			);
			name = Frameworks;
			sourceTree = "<group>";
		};
		CBA220721A4903D700261200 /* ZoomHeaderView */ = {
			isa = PBXGroup;
			children = (
				CBA220A11A4903E400261200 /* CExpandHeader */,
				CBA2207B1A4903D700261200 /* AppDelegate.h */,
				CBA2207C1A4903D700261200 /* AppDelegate.m */,
				CBA220A71A4903F500261200 /* Main.storyboard */,
				CBA220AF1A49042500261200 /* ViewController.h */,
				CBA220B01A49042500261200 /* ViewController.m */,
				CBA220A91A4903FB00261200 /* ScrollTestViewController.h */,
				CBA220AA1A4903FB00261200 /* ScrollTestViewController.m */,
				CBA220AB1A4903FB00261200 /* CustomHeadViewController.h */,
				CBA220AC1A4903FB00261200 /* CustomHeadViewController.m */,
				CBA220841A4903D700261200 /* Images.xcassets */,
				CBA220731A4903D700261200 /* Supporting Files */,
			);
			name = ZoomHeaderView;
			path = "ZoomHeaderView ZoomHeaderView";
			sourceTree = "<group>";
		};
		CBA220731A4903D700261200 /* Supporting Files */ = {
			isa = PBXGroup;
			children = (
				CBA220741A4903D700261200 /* ZoomHeaderView-Info.plist */,
				CBA220751A4903D700261200 /* InfoPlist.strings */,
				CBA220781A4903D700261200 /* main.m */,
				CBA2207A1A4903D700261200 /* ZoomHeaderView ZoomHeaderView-Prefix.pch */,
			);
			name = "Supporting Files";
			sourceTree = "<group>";
		};
		CBA220911A4903D700261200 /* ZoomHeaderView ZoomHeaderViewTests */ = {
			isa = PBXGroup;
			children = (
				CBA220971A4903D700261200 /* ZoomHeaderView_ZoomHeaderViewTests.m */,
				CBA220921A4903D700261200 /* Supporting Files */,
			);
			path = "ZoomHeaderView ZoomHeaderViewTests";
			sourceTree = "<group>";
		};
		CBA220921A4903D700261200 /* Supporting Files */ = {
			isa = PBXGroup;
			children = (
				CBA220931A4903D700261200 /* ZoomHeaderViewTests-Info.plist */,
				CBA220941A4903D700261200 /* InfoPlist.strings */,
			);
			name = "Supporting Files";
			sourceTree = "<group>";
		};
		CBA220A11A4903E400261200 /* CExpandHeader */ = {
			isa = PBXGroup;
			children = (
				CBA220A21A4903E400261200 /* CExpandHeader.h */,
				CBA220A31A4903E400261200 /* CExpandHeader.m */,
				CBA220A41A4903E400261200 /* image.png */,
			);
			path = CExpandHeader;
			sourceTree = "<group>";
		};
/* End PBXGroup section */

/* Begin PBXNativeTarget section */
		CBA220681A4903D700261200 /* ZoomHeaderView */ = {
			isa = PBXNativeTarget;
			buildConfigurationList = CBA2209B1A4903D700261200 /* Build configuration list for PBXNativeTarget "ZoomHeaderView" */;
			buildPhases = (
				CBA220651A4903D700261200 /* Sources */,
				CBA220661A4903D700261200 /* Frameworks */,
				CBA220671A4903D700261200 /* Resources */,
			);
			buildRules = (
			);
			dependencies = (
			);
			name = ZoomHeaderView;
			productName = "ZoomHeaderView ZoomHeaderView";
			productReference = CBA220691A4903D700261200 /* ZoomHeaderView.app */;
			productType = "com.apple.product-type.application";
		};
		CBA220891A4903D700261200 /* ZoomHeaderViewTests */ = {
			isa = PBXNativeTarget;
			buildConfigurationList = CBA2209E1A4903D700261200 /* Build configuration list for PBXNativeTarget "ZoomHeaderViewTests" */;
			buildPhases = (
				CBA220861A4903D700261200 /* Sources */,
				CBA220871A4903D700261200 /* Frameworks */,
				CBA220881A4903D700261200 /* Resources */,
			);
			buildRules = (
			);
			dependencies = (
				CBA220901A4903D700261200 /* PBXTargetDependency */,
			);
			name = ZoomHeaderViewTests;
			productName = "ZoomHeaderView ZoomHeaderViewTests";
			productReference = CBA2208A1A4903D700261200 /* ZoomHeaderViewTests.xctest */;
			productType = "com.apple.product-type.bundle.unit-test";
		};
/* End PBXNativeTarget section */

/* Begin PBXProject section */
		CBA220611A4903D700261200 /* Project object */ = {
			isa = PBXProject;
			attributes = {
				LastUpgradeCheck = 0510;
				ORGANIZATIONNAME = sen5labs;
				TargetAttributes = {
					CBA220891A4903D700261200 = {
						TestTargetID = CBA220681A4903D700261200;
					};
				};
			};
			buildConfigurationList = CBA220641A4903D700261200 /* Build configuration list for PBXProject "ZoomHeaderView" */;
			compatibilityVersion = "Xcode 3.2";
			developmentRegion = English;
			hasScannedForEncodings = 0;
			knownRegions = (
				en,
				Base,
			);
			mainGroup = CBA220601A4903D700261200;
			productRefGroup = CBA2206A1A4903D700261200 /* Products */;
			projectDirPath = "";
			projectRoot = "";
			targets = (
				CBA220681A4903D700261200 /* ZoomHeaderView */,
				CBA220891A4903D700261200 /* ZoomHeaderViewTests */,
			);
		};
/* End PBXProject section */

/* Begin PBXResourcesBuildPhase section */
		CBA220671A4903D700261200 /* Resources */ = {
			isa = PBXResourcesBuildPhase;
			buildActionMask = 2147483647;
			files = (
				CBA220851A4903D700261200 /* Images.xcassets in Resources */,
				CBA220771A4903D700261200 /* InfoPlist.strings in Resources */,
				CBA220A61A4903E400261200 /* image.png in Resources */,
				CBA220A81A4903F500261200 /* Main.storyboard in Resources */,
			);
			runOnlyForDeploymentPostprocessing = 0;
		};
		CBA220881A4903D700261200 /* Resources */ = {
			isa = PBXResourcesBuildPhase;
			buildActionMask = 2147483647;
			files = (
				CBA220961A4903D700261200 /* InfoPlist.strings in Resources */,
			);
			runOnlyForDeploymentPostprocessing = 0;
		};
/* End PBXResourcesBuildPhase section */

/* Begin PBXSourcesBuildPhase section */
		CBA220651A4903D700261200 /* Sources */ = {
			isa = PBXSourcesBuildPhase;
			buildActionMask = 2147483647;
			files = (
				CBA220B11A49042500261200 /* ViewController.m in Sources */,
				CBA2207D1A4903D700261200 /* AppDelegate.m in Sources */,
				CBA220A51A4903E400261200 /* CExpandHeader.m in Sources */,
				CBA220AE1A4903FB00261200 /* CustomHeadViewController.m in Sources */,
				CBA220791A4903D700261200 /* main.m in Sources */,
				CBA220AD1A4903FB00261200 /* ScrollTestViewController.m in Sources */,
			);
			runOnlyForDeploymentPostprocessing = 0;
		};
		CBA220861A4903D700261200 /* Sources */ = {
			isa = PBXSourcesBuildPhase;
			buildActionMask = 2147483647;
			files = (
				CBA220981A4903D700261200 /* ZoomHeaderView_ZoomHeaderViewTests.m in Sources */,
			);
			runOnlyForDeploymentPostprocessing = 0;
		};
/* End PBXSourcesBuildPhase section */

/* Begin PBXTargetDependency section */
		CBA220901A4903D700261200 /* PBXTargetDependency */ = {
			isa = PBXTargetDependency;
			target = CBA220681A4903D700261200 /* ZoomHeaderView */;
			targetProxy = CBA2208F1A4903D700261200 /* PBXContainerItemProxy */;
		};
/* End PBXTargetDependency section */

/* Begin PBXVariantGroup section */
		CBA220751A4903D700261200 /* InfoPlist.strings */ = {
			isa = PBXVariantGroup;
			children = (
				CBA220761A4903D700261200 /* en */,
			);
			name = InfoPlist.strings;
			sourceTree = "<group>";
		};
		CBA220941A4903D700261200 /* InfoPlist.strings */ = {
			isa = PBXVariantGroup;
			children = (
				CBA220951A4903D700261200 /* en */,
			);
			name = InfoPlist.strings;
			sourceTree = "<group>";
		};
/* End PBXVariantGroup section */

/* Begin XCBuildConfiguration section */
		CBA220991A4903D700261200 /* Debug */ = {
			isa = XCBuildConfiguration;
			buildSettings = {
				ALWAYS_SEARCH_USER_PATHS = NO;
				CLANG_CXX_LANGUAGE_STANDARD = "gnu++0x";
				CLANG_CXX_LIBRARY = "libc++";
				CLANG_ENABLE_MODULES = YES;
				CLANG_ENABLE_OBJC_ARC = YES;
				CLANG_WARN_BOOL_CONVERSION = YES;
				CLANG_WARN_CONSTANT_CONVERSION = YES;
				CLANG_WARN_DIRECT_OBJC_ISA_USAGE = YES_ERROR;
				CLANG_WARN_EMPTY_BODY = YES;
				CLANG_WARN_ENUM_CONVERSION = YES;
				CLANG_WARN_INT_CONVERSION = YES;
				CLANG_WARN_OBJC_ROOT_CLASS = YES_ERROR;
				CLANG_WARN__DUPLICATE_METHOD_MATCH = YES;
				"CODE_SIGN_IDENTITY[sdk=iphoneos*]" = "iPhone Developer";
				COPY_PHASE_STRIP = NO;
				GCC_C_LANGUAGE_STANDARD = gnu99;
				GCC_DYNAMIC_NO_PIC = NO;
				GCC_OPTIMIZATION_LEVEL = 0;
				GCC_PREPROCESSOR_DEFINITIONS = (
					"DEBUG=1",
					"$(inherited)",
				);
				GCC_SYMBOLS_PRIVATE_EXTERN = NO;
				GCC_WARN_64_TO_32_BIT_CONVERSION = YES;
				GCC_WARN_ABOUT_RETURN_TYPE = YES_ERROR;
				GCC_WARN_UNDECLARED_SELECTOR = YES;
				GCC_WARN_UNINITIALIZED_AUTOS = YES_AGGRESSIVE;
				GCC_WARN_UNUSED_FUNCTION = YES;
				GCC_WARN_UNUSED_VARIABLE = YES;
				IPHONEOS_DEPLOYMENT_TARGET = 7.1;
				ONLY_ACTIVE_ARCH = YES;
				SDKROOT = iphoneos;
			};
			name = Debug;
		};
		CBA2209A1A4903D700261200 /* Release */ = {
			isa = XCBuildConfiguration;
			buildSettings = {
				ALWAYS_SEARCH_USER_PATHS = NO;
				CLANG_CXX_LANGUAGE_STANDARD = "gnu++0x";
				CLANG_CXX_LIBRARY = "libc++";
				CLANG_ENABLE_MODULES = YES;
				CLANG_ENABLE_OBJC_ARC = YES;
				CLANG_WARN_BOOL_CONVERSION = YES;
				CLANG_WARN_CONSTANT_CONVERSION = YES;
				CLANG_WARN_DIRECT_OBJC_ISA_USAGE = YES_ERROR;
				CLANG_WARN_EMPTY_BODY = YES;
				CLANG_WARN_ENUM_CONVERSION = YES;
				CLANG_WARN_INT_CONVERSION = YES;
				CLANG_WARN_OBJC_ROOT_CLASS = YES_ERROR;
				CLANG_WARN__DUPLICATE_METHOD_MATCH = YES;
				"CODE_SIGN_IDENTITY[sdk=iphoneos*]" = "iPhone Developer";
				COPY_PHASE_STRIP = YES;
				ENABLE_NS_ASSERTIONS = NO;
				GCC_C_LANGUAGE_STANDARD = gnu99;
				GCC_WARN_64_TO_32_BIT_CONVERSION = YES;
				GCC_WARN_ABOUT_RETURN_TYPE = YES_ERROR;
				GCC_WARN_UNDECLARED_SELECTOR = YES;
				GCC_WARN_UNINITIALIZED_AUTOS = YES_AGGRESSIVE;
				GCC_WARN_UNUSED_FUNCTION = YES;
				GCC_WARN_UNUSED_VARIABLE = YES;
				IPHONEOS_DEPLOYMENT_TARGET = 7.1;
				SDKROOT = iphoneos;
				VALIDATE_PRODUCT = YES;
			};
			name = Release;
		};
		CBA2209C1A4903D700261200 /* Debug */ = {
			isa = XCBuildConfiguration;
			buildSettings = {
				ASSETCATALOG_COMPILER_APPICON_NAME = AppIcon;
				ASSETCATALOG_COMPILER_LAUNCHIMAGE_NAME = LaunchImage;
				GCC_PRECOMPILE_PREFIX_HEADER = YES;
				GCC_PREFIX_HEADER = "ZoomHeaderView ZoomHeaderView/ZoomHeaderView-Prefix.pch";
				INFOPLIST_FILE = "ZoomHeaderView ZoomHeaderView/ZoomHeaderView-Info.plist";
				PRODUCT_NAME = ZoomHeaderView;
				WRAPPER_EXTENSION = app;
			};
			name = Debug;
		};
		CBA2209D1A4903D700261200 /* Release */ = {
			isa = XCBuildConfiguration;
			buildSettings = {
				ASSETCATALOG_COMPILER_APPICON_NAME = AppIcon;
				ASSETCATALOG_COMPILER_LAUNCHIMAGE_NAME = LaunchImage;
				GCC_PRECOMPILE_PREFIX_HEADER = YES;
				GCC_PREFIX_HEADER = "ZoomHeaderView ZoomHeaderView/ZoomHeaderView-Prefix.pch";
				INFOPLIST_FILE = "ZoomHeaderView ZoomHeaderView/ZoomHeaderView-Info.plist";
				PRODUCT_NAME = ZoomHeaderView;
				WRAPPER_EXTENSION = app;
			};
			name = Release;
		};
		CBA2209F1A4903D700261200 /* Debug */ = {
			isa = XCBuildConfiguration;
			buildSettings = {
				BUNDLE_LOADER = "$(BUILT_PRODUCTS_DIR)/ZoomHeaderView ZoomHeaderView.app/ZoomHeaderView ZoomHeaderView";
				FRAMEWORK_SEARCH_PATHS = (
					"$(SDKROOT)/Developer/Library/Frameworks",
					"$(inherited)",
					"$(DEVELOPER_FRAMEWORKS_DIR)",
				);
				GCC_PRECOMPILE_PREFIX_HEADER = YES;
				GCC_PREFIX_HEADER = "ZoomHeaderView ZoomHeaderView/ZoomHeaderView ZoomHeaderView-Prefix.pch";
				GCC_PREPROCESSOR_DEFINITIONS = (
					"DEBUG=1",
					"$(inherited)",
				);
				INFOPLIST_FILE = "ZoomHeaderView ZoomHeaderViewTests/ZoomHeaderViewTests-Info.plist";
				PRODUCT_NAME = ZoomHeaderViewTests;
				TEST_HOST = "$(BUNDLE_LOADER)";
				WRAPPER_EXTENSION = xctest;
			};
			name = Debug;
		};
		CBA220A01A4903D700261200 /* Release */ = {
			isa = XCBuildConfiguration;
			buildSettings = {
				BUNDLE_LOADER = "$(BUILT_PRODUCTS_DIR)/ZoomHeaderView ZoomHeaderView.app/ZoomHeaderView ZoomHeaderView";
				FRAMEWORK_SEARCH_PATHS = (
					"$(SDKROOT)/Developer/Library/Frameworks",
					"$(inherited)",
					"$(DEVELOPER_FRAMEWORKS_DIR)",
				);
				GCC_PRECOMPILE_PREFIX_HEADER = YES;
				GCC_PREFIX_HEADER = "ZoomHeaderView ZoomHeaderView/ZoomHeaderView ZoomHeaderView-Prefix.pch";
				INFOPLIST_FILE = "ZoomHeaderView ZoomHeaderViewTests/ZoomHeaderViewTests-Info.plist";
				PRODUCT_NAME = ZoomHeaderViewTests;
				TEST_HOST = "$(BUNDLE_LOADER)";
				WRAPPER_EXTENSION = xctest;
			};
			name = Release;
		};
/* End XCBuildConfiguration section */

/* Begin XCConfigurationList section */
		CBA220641A4903D700261200 /* Build configuration list for PBXProject "ZoomHeaderView" */ = {
			isa = XCConfigurationList;
			buildConfigurations = (
				CBA220991A4903D700261200 /* Debug */,
				CBA2209A1A4903D700261200 /* Release */,
			);
			defaultConfigurationIsVisible = 0;
			defaultConfigurationName = Release;
		};
		CBA2209B1A4903D700261200 /* Build configuration list for PBXNativeTarget "ZoomHeaderView" */ = {
			isa = XCConfigurationList;
			buildConfigurations = (
				CBA2209C1A4903D700261200 /* Debug */,
				CBA2209D1A4903D700261200 /* Release */,
			);
			defaultConfigurationIsVisible = 0;
		};
		CBA2209E1A4903D700261200 /* Build configuration list for PBXNativeTarget "ZoomHeaderViewTests" */ = {
			isa = XCConfigurationList;
			buildConfigurations = (
				CBA2209F1A4903D700261200 /* Debug */,
				CBA220A01A4903D700261200 /* Release */,
			);
			defaultConfigurationIsVisible = 0;
		};
/* End XCConfigurationList section */
	};
	rootObject = CBA220611A4903D700261200 /* Project object */;
}
